
Microsoft Visual Studio Solution File, Format Version 12.00
Project("{FAE04EC0-301F-11D3-BF4B-00C04F79EFBC}") = "MyHttpServer", "MyHttpServer\MyHttpServer.csproj", "{8C8C4CF6-8768-419C-B58A-B3BEA2FA7ABB}"
EndProject
Project("{FAE04EC0-301F-11D3-BF4B-00C04F79EFBC}") = "MyORMLIb", "MyORMLIb\MyORMLIb.csproj", "{6EC47AF1-6081-45B5-9FCA-D551AA0B9646}"
EndProject
Project("{FAE04EC0-301F-11D3-BF4B-00C04F79EFBC}") = "HttpServerLib", "HttpServerLib\HttpServerLib.csproj", "{D791C8B2-0927-411F-968E-FDD6B74D1AB5}"
EndProject
Project("{FAE04EC0-301F-11D3-BF4B-00C04F79EFBC}") = "Template_Engine", "Template_Engine\Template_Engine.csproj", "{63263B38-3AD1-422D-A862-FA871FB2819D}"
EndProject
Project("{FAE04EC0-301F-11D3-BF4B-00C04F79EFBC}") = "MyORMLib.UnitTests", "MyORMLib.UnitTests\MyORMLib.UnitTests.csproj", "{2B6FAE16-C861-44EB-9CC0-FFF9A7A502B6}"
EndProject
Project("{FAE04EC0-301F-11D3-BF4B-00C04F79EFBC}") = "Template_Engine.UnitTests", "Template_Engine.UnitTests\Template_Engine.UnitTests.csproj", "{AB17D251-4D0F-4213-A205-2995C5F0EECF}"
EndProject
Project("{2150E333-8FDC-42A3-9474-1A3956D46DE8}") = "Solution Items", "Solution Items", "{DEA4F8C1-3123-4D46-9038-A808440C243A}"
	ProjectSection(SolutionItems) = preProject
		compose.yaml = compose.yaml
	EndProjectSection
EndProject
Global
	GlobalSection(SolutionConfigurationPlatforms) = preSolution
		Debug|Any CPU = Debug|Any CPU
		Release|Any CPU = Release|Any CPU
	EndGlobalSection
	GlobalSection(ProjectConfigurationPlatforms) = postSolution
		{8C8C4CF6-8768-419C-B58A-B3BEA2FA7ABB}.Debug|Any CPU.ActiveCfg = Debug|Any CPU
		{8C8C4CF6-8768-419C-B58A-B3BEA2FA7ABB}.Debug|Any CPU.Build.0 = Debug|Any CPU
		{8C8C4CF6-8768-419C-B58A-B3BEA2FA7ABB}.Release|Any CPU.ActiveCfg = Release|Any CPU
		{8C8C4CF6-8768-419C-B58A-B3BEA2FA7ABB}.Release|Any CPU.Build.0 = Release|Any CPU
		{6EC47AF1-6081-45B5-9FCA-D551AA0B9646}.Debug|Any CPU.ActiveCfg = Debug|Any CPU
		{6EC47AF1-6081-45B5-9FCA-D551AA0B9646}.Debug|Any CPU.Build.0 = Debug|Any CPU
		{6EC47AF1-6081-45B5-9FCA-D551AA0B9646}.Release|Any CPU.ActiveCfg = Release|Any CPU
		{6EC47AF1-6081-45B5-9FCA-D551AA0B9646}.Release|Any CPU.Build.0 = Release|Any CPU
		{D791C8B2-0927-411F-968E-FDD6B74D1AB5}.Debug|Any CPU.ActiveCfg = Debug|Any CPU
		{D791C8B2-0927-411F-968E-FDD6B74D1AB5}.Debug|Any CPU.Build.0 = Debug|Any CPU
		{D791C8B2-0927-411F-968E-FDD6B74D1AB5}.Release|Any CPU.ActiveCfg = Release|Any CPU
		{D791C8B2-0927-411F-968E-FDD6B74D1AB5}.Release|Any CPU.Build.0 = Release|Any CPU
		{63263B38-3AD1-422D-A862-FA871FB2819D}.Debug|Any CPU.ActiveCfg = Debug|Any CPU
		{63263B38-3AD1-422D-A862-FA871FB2819D}.Debug|Any CPU.Build.0 = Debug|Any CPU
		{63263B38-3AD1-422D-A862-FA871FB2819D}.Release|Any CPU.ActiveCfg = Release|Any CPU
		{63263B38-3AD1-422D-A862-FA871FB2819D}.Release|Any CPU.Build.0 = Release|Any CPU
		{2B6FAE16-C861-44EB-9CC0-FFF9A7A502B6}.Debug|Any CPU.ActiveCfg = Debug|Any CPU
		{2B6FAE16-C861-44EB-9CC0-FFF9A7A502B6}.Debug|Any CPU.Build.0 = Debug|Any CPU
		{2B6FAE16-C861-44EB-9CC0-FFF9A7A502B6}.Release|Any CPU.ActiveCfg = Release|Any CPU
		{2B6FAE16-C861-44EB-9CC0-FFF9A7A502B6}.Release|Any CPU.Build.0 = Release|Any CPU
		{AB17D251-4D0F-4213-A205-2995C5F0EECF}.Debug|Any CPU.ActiveCfg = Debug|Any CPU
		{AB17D251-4D0F-4213-A205-2995C5F0EECF}.Debug|Any CPU.Build.0 = Debug|Any CPU
		{AB17D251-4D0F-4213-A205-2995C5F0EECF}.Release|Any CPU.ActiveCfg = Release|Any CPU
		{AB17D251-4D0F-4213-A205-2995C5F0EECF}.Release|Any CPU.Build.0 = Release|Any CPU
	EndGlobalSection
EndGlobal
